{
  "name": "common",
  "version": "1.0.0",
  "lockfileVersion": 2,
  "requires": true,
  "packages": {
    "": {
      "name": "common",
      "version": "1.0.0",
      "license": "ISC",
      "dependencies": {
        "vue": "^3.2.29"
      },
      "devDependencies": {
        "@owneul/kalidator": "^2.0.17",
        "@owneul/skript": "^2.0.2",
        "@types/node": "^17.0.10",
        "axios": "^0.24.0",
        "axios-extensions": "^3.1.6",
        "gsap": "^3.10.4",
        "moment": "^2.29.1",
        "postcss-nested": "^6.0.0",
        "vue-router": "^4.0.12",
        "vuex": "^4.0.2",
        "vuex-persistedstate": "^4.1.0"
      }
    },
    "node_modules/@babel/parser": {
      "version": "7.16.12",
      "resolved": "https://registry.npmjs.org/@babel/parser/-/parser-7.16.12.tgz",
      "integrity": "sha512-VfaV15po8RiZssrkPweyvbGVSe4x2y+aciFCgn0n0/SJMR22cwofRV1mtnJQYcSB1wUTaA/X1LnA3es66MCO5A==",
      "bin": {
        "parser": "bin/babel-parser.js"
      },
      "engines": {
        "node": ">=6.0.0"
      }
    },
    "node_modules/@owneul/kalidator": {
      "version": "2.0.17",
      "resolved": "https://registry.npmjs.org/@owneul/kalidator/-/kalidator-2.0.17.tgz",
      "integrity": "sha512-IpKYo6HjFuJR0Hwg4CsMcpN5HVZfGf8zPXbGQxjtOfSda8HF3eC7Xpnb3cyhtqgKY4DgI2TRkmF4ijGMeoILFQ==",
      "dev": true,
      "dependencies": {
        "formdata-polyfill": "^3.0.20",
        "moment": "^2.29.1",
        "weakmap-polyfill": "^2.0.2"
      }
    },
    "node_modules/@owneul/kalidator/node_modules/formdata-polyfill": {
      "version": "3.0.20",
      "resolved": "https://registry.npmjs.org/formdata-polyfill/-/formdata-polyfill-3.0.20.tgz",
      "integrity": "sha512-TAaxIEwTBdoH1TWndtUH1T0/GisUHwmOKcV5hjkR/iTatHBJSOHb563FP86Lra5nXo3iNdhK7HPwMl5Ihg71pg==",
      "dev": true
    },
    "node_modules/@owneul/skript": {
      "version": "2.0.2",
      "resolved": "https://registry.npmjs.org/@owneul/skript/-/skript-2.0.2.tgz",
      "integrity": "sha512-oH5QgV2hq5/rGRRy+S5/PwochdNe1x189V6KyDRPO4jWxa7o5omVo+z3EhKRaMJxb5XKXC6w5MIDWUzyAXnFSA==",
      "dev": true,
      "dependencies": {
        "@types/md5": "^2.3.0",
        "md5": "^2.3.0",
        "moment": "^2.29.1"
      }
    },
    "node_modules/@types/md5": {
      "version": "2.3.1",
      "resolved": "https://registry.npmjs.org/@types/md5/-/md5-2.3.1.tgz",
      "integrity": "sha512-OK3oe+ALIoPSo262lnhAYwpqFNXbiwH2a+0+Z5YBnkQEwWD8fk5+PIeRhYA48PzvX9I4SGNpWy+9bLj8qz92RQ==",
      "dev": true,
      "dependencies": {
        "@types/node": "*"
      }
    },
    "node_modules/@types/node": {
      "version": "17.0.12",
      "resolved": "https://registry.npmjs.org/@types/node/-/node-17.0.12.tgz",
      "integrity": "sha512-4YpbAsnJXWYK/fpTVFlMIcUIho2AYCi4wg5aNPrG1ng7fn/1/RZfCIpRCiBX+12RVa34RluilnvCqD+g3KiSiA==",
      "dev": true
    },
    "node_modules/@vue/compiler-core": {
      "version": "3.2.29",
      "resolved": "https://registry.npmjs.org/@vue/compiler-core/-/compiler-core-3.2.29.tgz",
      "integrity": "sha512-RePZ/J4Ub3sb7atQw6V6Rez+/5LCRHGFlSetT3N4VMrejqJnNPXKUt5AVm/9F5MJriy2w/VudEIvgscCfCWqxw==",
      "dependencies": {
        "@babel/parser": "^7.16.4",
        "@vue/shared": "3.2.29",
        "estree-walker": "^2.0.2",
        "source-map": "^0.6.1"
      }
    },
    "node_modules/@vue/compiler-dom": {
      "version": "3.2.29",
      "resolved": "https://registry.npmjs.org/@vue/compiler-dom/-/compiler-dom-3.2.29.tgz",
      "integrity": "sha512-y26vK5khdNS9L3ckvkqJk/78qXwWb75Ci8iYLb67AkJuIgyKhIOcR1E8RIt4mswlVCIeI9gQ+fmtdhaiTAtrBQ==",
      "dependencies": {
        "@vue/compiler-core": "3.2.29",
        "@vue/shared": "3.2.29"
      }
    },
    "node_modules/@vue/compiler-sfc": {
      "version": "3.2.29",
      "resolved": "https://registry.npmjs.org/@vue/compiler-sfc/-/compiler-sfc-3.2.29.tgz",
      "integrity": "sha512-X9+0dwsag2u6hSOP/XsMYqFti/edvYvxamgBgCcbSYuXx1xLZN+dS/GvQKM4AgGS4djqo0jQvWfIXdfZ2ET68g==",
      "dependencies": {
        "@babel/parser": "^7.16.4",
        "@vue/compiler-core": "3.2.29",
        "@vue/compiler-dom": "3.2.29",
        "@vue/compiler-ssr": "3.2.29",
        "@vue/reactivity-transform": "3.2.29",
        "@vue/shared": "3.2.29",
        "estree-walker": "^2.0.2",
        "magic-string": "^0.25.7",
        "postcss": "^8.1.10",
        "source-map": "^0.6.1"
      }
    },
    "node_modules/@vue/compiler-ssr": {
      "version": "3.2.29",
      "resolved": "https://registry.npmjs.org/@vue/compiler-ssr/-/compiler-ssr-3.2.29.tgz",
      "integrity": "sha512-LrvQwXlx66uWsB9/VydaaqEpae9xtmlUkeSKF6aPDbzx8M1h7ukxaPjNCAXuFd3fUHblcri8k42lfimHfzMICA==",
      "dependencies": {
        "@vue/compiler-dom": "3.2.29",
        "@vue/shared": "3.2.29"
      }
    },
    "node_modules/@vue/devtools-api": {
      "version": "6.2.1",
      "resolved": "https://registry.npmjs.org/@vue/devtools-api/-/devtools-api-6.2.1.tgz",
      "integrity": "sha512-OEgAMeQXvCoJ+1x8WyQuVZzFo0wcyCmUR3baRVLmKBo1LmYZWMlRiXlux5jd0fqVJu6PfDbOrZItVqUEzLobeQ==",
      "dev": true
    },
    "node_modules/@vue/reactivity": {
      "version": "3.2.29",
      "resolved": "https://registry.npmjs.org/@vue/reactivity/-/reactivity-3.2.29.tgz",
      "integrity": "sha512-Ryhb6Gy62YolKXH1gv42pEqwx7zs3n8gacRVZICSgjQz8Qr8QeCcFygBKYfJm3o1SccR7U+bVBQDWZGOyG1k4g==",
      "dependencies": {
        "@vue/shared": "3.2.29"
      }
    },
    "node_modules/@vue/reactivity-transform": {
      "version": "3.2.29",
      "resolved": "https://registry.npmjs.org/@vue/reactivity-transform/-/reactivity-transform-3.2.29.tgz",
      "integrity": "sha512-YF6HdOuhdOw6KyRm59+3rML8USb9o8mYM1q+SH0G41K3/q/G7uhPnHGKvspzceD7h9J3VR1waOQ93CUZj7J7OA==",
      "dependencies": {
        "@babel/parser": "^7.16.4",
        "@vue/compiler-core": "3.2.29",
        "@vue/shared": "3.2.29",
        "estree-walker": "^2.0.2",
        "magic-string": "^0.25.7"
      }
    },
    "node_modules/@vue/runtime-core": {
      "version": "3.2.29",
      "resolved": "https://registry.npmjs.org/@vue/runtime-core/-/runtime-core-3.2.29.tgz",
      "integrity": "sha512-VMvQuLdzoTGmCwIKTKVwKmIL0qcODIqe74JtK1pVr5lnaE0l25hopodmPag3RcnIcIXe+Ye3B2olRCn7fTCgig==",
      "dependencies": {
        "@vue/reactivity": "3.2.29",
        "@vue/shared": "3.2.29"
      }
    },
    "node_modules/@vue/runtime-dom": {
      "version": "3.2.29",
      "resolved": "https://registry.npmjs.org/@vue/runtime-dom/-/runtime-dom-3.2.29.tgz",
      "integrity": "sha512-YJgLQLwr+SQyORzTsBQLL5TT/5UiV83tEotqjL7F9aFDIQdFBTCwpkCFvX9jqwHoyi9sJqM9XtTrMcc8z/OjPA==",
      "dependencies": {
        "@vue/runtime-core": "3.2.29",
        "@vue/shared": "3.2.29",
        "csstype": "^2.6.8"
      }
    },
    "node_modules/@vue/server-renderer": {
      "version": "3.2.29",
      "resolved": "https://registry.npmjs.org/@vue/server-renderer/-/server-renderer-3.2.29.tgz",
      "integrity": "sha512-lpiYx7ciV7rWfJ0tPkoSOlLmwqBZ9FTmQm33S+T4g0j1fO/LmhJ9b9Ctl1o5xvIFVDk9QkSUWANZn7H2pXuxVw==",
      "dependencies": {
        "@vue/compiler-ssr": "3.2.29",
        "@vue/shared": "3.2.29"
      },
      "peerDependencies": {
        "vue": "3.2.29"
      }
    },
    "node_modules/@vue/shared": {
      "version": "3.2.29",
      "resolved": "https://registry.npmjs.org/@vue/shared/-/shared-3.2.29.tgz",
      "integrity": "sha512-BjNpU8OK6Z0LVzGUppEk0CMYm/hKDnZfYdjSmPOs0N+TR1cLKJAkDwW8ASZUvaaSLEi6d3hVM7jnWnX+6yWnHw=="
    },
    "node_modules/available-typed-arrays": {
      "version": "1.0.5",
      "resolved": "https://registry.npmjs.org/available-typed-arrays/-/available-typed-arrays-1.0.5.tgz",
      "integrity": "sha512-DMD0KiN46eipeziST1LPP/STfDU0sufISXmjSgvVsoU2tqxctQeASejWcfNtxYKqETM1UxQ8sp2OrSBWpHY6sw==",
      "dev": true,
      "engines": {
        "node": ">= 0.4"
      },
      "funding": {
        "url": "https://github.com/sponsors/ljharb"
      }
    },
    "node_modules/axios": {
      "version": "0.24.0",
      "resolved": "https://registry.npmjs.org/axios/-/axios-0.24.0.tgz",
      "integrity": "sha512-Q6cWsys88HoPgAaFAVUb0WpPk0O8iTeisR9IMqy9G8AbO4NlpVknrnQS03zzF9PGAWgO3cgletO3VjV/P7VztA==",
      "dev": true,
      "dependencies": {
        "follow-redirects": "^1.14.4"
      }
    },
    "node_modules/axios-extensions": {
      "version": "3.1.6",
      "resolved": "https://registry.npmjs.org/axios-extensions/-/axios-extensions-3.1.6.tgz",
      "integrity": "sha512-CmwMYxxAw4DcQDJ7/2Iv4GJj1Ao48lJEPieycgZQH6m1KcYZqf9zm2HM/CsULqheCpYxZbiGrCfZf5tVjXqoLg==",
      "dev": true,
      "dependencies": {
        "lru-cache": "^7.14.0",
        "tslib": "^2.1.0",
        "util": "^0.12.3"
      },
      "peerDependencies": {
        "axios": "*"
      }
    },
    "node_modules/call-bind": {
      "version": "1.0.2",
      "resolved": "https://registry.npmjs.org/call-bind/-/call-bind-1.0.2.tgz",
      "integrity": "sha512-7O+FbCihrB5WGbFYesctwmTKae6rOiIzmz1icreWJ+0aA7LJfuqhEso2T9ncpcFtzMQtzXf2QGGueWJGTYsqrA==",
      "dev": true,
      "dependencies": {
        "function-bind": "^1.1.1",
        "get-intrinsic": "^1.0.2"
      },
      "funding": {
        "url": "https://github.com/sponsors/ljharb"
      }
    },
    "node_modules/charenc": {
      "version": "0.0.2",
      "resolved": "https://registry.npmjs.org/charenc/-/charenc-0.0.2.tgz",
      "integrity": "sha1-wKHS86cJLgN3S/qD8UwPxXkKhmc=",
      "dev": true,
      "engines": {
        "node": "*"
      }
    },
    "node_modules/crypt": {
      "version": "0.0.2",
      "resolved": "https://registry.npmjs.org/crypt/-/crypt-0.0.2.tgz",
      "integrity": "sha1-iNf/fsDfuG9xPch7u0LQRNPmxBs=",
      "dev": true,
      "engines": {
        "node": "*"
      }
    },
    "node_modules/cssesc": {
      "version": "3.0.0",
      "resolved": "https://registry.npmjs.org/cssesc/-/cssesc-3.0.0.tgz",
      "integrity": "sha512-/Tb/JcjK111nNScGob5MNtsntNM1aCNUDipB/TkwZFhyDrrE47SOx/18wF2bbjgc3ZzCSKW1T5nt5EbFoAz/Vg==",
      "dev": true,
      "bin": {
        "cssesc": "bin/cssesc"
      },
      "engines": {
        "node": ">=4"
      }
    },
    "node_modules/csstype": {
      "version": "2.6.19",
      "resolved": "https://registry.npmjs.org/csstype/-/csstype-2.6.19.tgz",
      "integrity": "sha512-ZVxXaNy28/k3kJg0Fou5MiYpp88j7H9hLZp8PDC3jV0WFjfH5E9xHb56L0W59cPbKbcHXeP4qyT8PrHp8t6LcQ=="
    },
    "node_modules/deepmerge": {
      "version": "4.2.2",
      "resolved": "https://registry.npmjs.org/deepmerge/-/deepmerge-4.2.2.tgz",
      "integrity": "sha512-FJ3UgI4gIl+PHZm53knsuSFpE+nESMr7M4v9QcgB7S63Kj/6WqMiFQJpBBYz1Pt+66bZpP3Q7Lye0Oo9MPKEdg==",
      "dev": true,
      "engines": {
        "node": ">=0.10.0"
      }
    },
    "node_modules/estree-walker": {
      "version": "2.0.2",
      "resolved": "https://registry.npmjs.org/estree-walker/-/estree-walker-2.0.2.tgz",
      "integrity": "sha512-Rfkk/Mp/DL7JVje3u18FxFujQlTNR2q6QfMSMB7AvCBx91NGj/ba3kCfza0f6dVDbw7YlRf/nDrn7pQrCCyQ/w=="
    },
    "node_modules/follow-redirects": {
      "version": "1.14.7",
      "resolved": "https://registry.npmjs.org/follow-redirects/-/follow-redirects-1.14.7.tgz",
      "integrity": "sha512-+hbxoLbFMbRKDwohX8GkTataGqO6Jb7jGwpAlwgy2bIz25XtRm7KEzJM76R1WiNT5SwZkX4Y75SwBolkpmE7iQ==",
      "dev": true,
      "funding": [
        {
          "type": "individual",
          "url": "https://github.com/sponsors/RubenVerborgh"
        }
      ],
      "engines": {
        "node": ">=4.0"
      },
      "peerDependenciesMeta": {
        "debug": {
          "optional": true
        }
      }
    },
    "node_modules/for-each": {
      "version": "0.3.3",
      "resolved": "https://registry.npmjs.org/for-each/-/for-each-0.3.3.tgz",
      "integrity": "sha512-jqYfLp7mo9vIyQf8ykW2v7A+2N4QjeCeI5+Dz9XraiO1ign81wjiH7Fb9vSOWvQfNtmSa4H2RoQTrrXivdUZmw==",
      "dev": true,
      "dependencies": {
        "is-callable": "^1.1.3"
      }
    },
    "node_modules/function-bind": {
      "version": "1.1.1",
      "resolved": "https://registry.npmjs.org/function-bind/-/function-bind-1.1.1.tgz",
      "integrity": "sha512-yIovAzMX49sF8Yl58fSCWJ5svSLuaibPxXQJFLmBObTuCr0Mf1KiPopGM9NiFjiYBCbfaa2Fh6breQ6ANVTI0A==",
      "dev": true
    },
    "node_modules/get-intrinsic": {
      "version": "1.1.3",
      "resolved": "https://registry.npmjs.org/get-intrinsic/-/get-intrinsic-1.1.3.tgz",
      "integrity": "sha512-QJVz1Tj7MS099PevUG5jvnt9tSkXN8K14dxQlikJuPt4uD9hHAHjLyLBiLR5zELelBdD9QNRAXZzsJx0WaDL9A==",
      "dev": true,
      "dependencies": {
        "function-bind": "^1.1.1",
        "has": "^1.0.3",
        "has-symbols": "^1.0.3"
      },
      "funding": {
        "url": "https://github.com/sponsors/ljharb"
      }
    },
    "node_modules/gopd": {
      "version": "1.0.1",
      "resolved": "https://registry.npmjs.org/gopd/-/gopd-1.0.1.tgz",
      "integrity": "sha512-d65bNlIadxvpb/A2abVdlqKqV563juRnZ1Wtk6s1sIR8uNsXR70xqIzVqxVf1eTqDunwT2MkczEeaezCKTZhwA==",
      "dev": true,
      "dependencies": {
        "get-intrinsic": "^1.1.3"
      },
      "funding": {
        "url": "https://github.com/sponsors/ljharb"
      }
    },
    "node_modules/gsap": {
      "version": "3.10.4",
      "resolved": "https://registry.npmjs.org/gsap/-/gsap-3.10.4.tgz",
      "integrity": "sha512-6QatdkKxXCMfvCW4rM++0RqyLQAzFX5nwl3yHS0XPgkZBkiSEY3VZVbMltrdtsbER/xZonLtyHt684wRp4erlQ==",
      "dev": true
    },
    "node_modules/has": {
      "version": "1.0.3",
      "resolved": "https://registry.npmjs.org/has/-/has-1.0.3.tgz",
      "integrity": "sha512-f2dvO0VU6Oej7RkWJGrehjbzMAjFp5/VKPp5tTpWIV4JHHZK1/BxbFRtf/siA2SWTe09caDmVtYYzWEIbBS4zw==",
      "dev": true,
      "dependencies": {
        "function-bind": "^1.1.1"
      },
      "engines": {
        "node": ">= 0.4.0"
      }
    },
    "node_modules/has-symbols": {
      "version": "1.0.3",
      "resolved": "https://registry.npmjs.org/has-symbols/-/has-symbols-1.0.3.tgz",
      "integrity": "sha512-l3LCuF6MgDNwTDKkdYGEihYjt5pRPbEg46rtlmnSPlUbgmB8LOIrKJbYYFBSbnPaJexMKtiPO8hmeRjRz2Td+A==",
      "dev": true,
      "engines": {
        "node": ">= 0.4"
      },
      "funding": {
        "url": "https://github.com/sponsors/ljharb"
      }
    },
    "node_modules/has-tostringtag": {
      "version": "1.0.0",
      "resolved": "https://registry.npmjs.org/has-tostringtag/-/has-tostringtag-1.0.0.tgz",
      "integrity": "sha512-kFjcSNhnlGV1kyoGk7OXKSawH5JOb/LzUc5w9B02hOTO0dfFRjbHQKvg1d6cf3HbeUmtU9VbbV3qzZ2Teh97WQ==",
      "dev": true,
      "dependencies": {
        "has-symbols": "^1.0.2"
      },
      "engines": {
        "node": ">= 0.4"
      },
      "funding": {
        "url": "https://github.com/sponsors/ljharb"
      }
    },
    "node_modules/inherits": {
      "version": "2.0.4",
      "resolved": "https://registry.npmjs.org/inherits/-/inherits-2.0.4.tgz",
      "integrity": "sha512-k/vGaX4/Yla3WzyMCvTQOXYeIHvqOKtnqBduzTHpzpQZzAskKMhZ2K+EnBiSM9zGSoIFeMpXKxa4dYeZIQqewQ==",
      "dev": true
    },
    "node_modules/is-arguments": {
      "version": "1.1.1",
      "resolved": "https://registry.npmjs.org/is-arguments/-/is-arguments-1.1.1.tgz",
      "integrity": "sha512-8Q7EARjzEnKpt/PCD7e1cgUS0a6X8u5tdSiMqXhojOdoV9TsMsiO+9VLC5vAmO8N7/GmXn7yjR8qnA6bVAEzfA==",
      "dev": true,
      "dependencies": {
        "call-bind": "^1.0.2",
        "has-tostringtag": "^1.0.0"
      },
      "engines": {
        "node": ">= 0.4"
      },
      "funding": {
        "url": "https://github.com/sponsors/ljharb"
      }
    },
    "node_modules/is-buffer": {
      "version": "1.1.6",
      "resolved": "https://registry.npmjs.org/is-buffer/-/is-buffer-1.1.6.tgz",
      "integrity": "sha512-NcdALwpXkTm5Zvvbk7owOUSvVvBKDgKP5/ewfXEznmQFfs4ZRmanOeKBTjRVjka3QFoN6XJ+9F3USqfHqTaU5w==",
      "dev": true
    },
    "node_modules/is-callable": {
      "version": "1.2.7",
      "resolved": "https://registry.npmjs.org/is-callable/-/is-callable-1.2.7.tgz",
      "integrity": "sha512-1BC0BVFhS/p0qtw6enp8e+8OD0UrK0oFLztSjNzhcKA3WDuJxxAPXzPuPtKkjEY9UUoEWlX/8fgKeu2S8i9JTA==",
      "dev": true,
      "engines": {
        "node": ">= 0.4"
      },
      "funding": {
        "url": "https://github.com/sponsors/ljharb"
      }
    },
    "node_modules/is-generator-function": {
      "version": "1.0.10",
      "resolved": "https://registry.npmjs.org/is-generator-function/-/is-generator-function-1.0.10.tgz",
      "integrity": "sha512-jsEjy9l3yiXEQ+PsXdmBwEPcOxaXWLspKdplFUVI9vq1iZgIekeC0L167qeu86czQaxed3q/Uzuw0swL0irL8A==",
      "dev": true,
      "dependencies": {
        "has-tostringtag": "^1.0.0"
      },
      "engines": {
        "node": ">= 0.4"
      },
      "funding": {
        "url": "https://github.com/sponsors/ljharb"
      }
    },
    "node_modules/is-typed-array": {
      "version": "1.1.10",
      "resolved": "https://registry.npmjs.org/is-typed-array/-/is-typed-array-1.1.10.tgz",
      "integrity": "sha512-PJqgEHiWZvMpaFZ3uTc8kHPM4+4ADTlDniuQL7cU/UDA0Ql7F70yGfHph3cLNe+c9toaigv+DFzTJKhc2CtO6A==",
      "dev": true,
      "dependencies": {
        "available-typed-arrays": "^1.0.5",
        "call-bind": "^1.0.2",
        "for-each": "^0.3.3",
        "gopd": "^1.0.1",
        "has-tostringtag": "^1.0.0"
      },
      "engines": {
        "node": ">= 0.4"
      },
      "funding": {
        "url": "https://github.com/sponsors/ljharb"
      }
    },
    "node_modules/lru-cache": {
      "version": "7.14.1",
      "resolved": "https://registry.npmjs.org/lru-cache/-/lru-cache-7.14.1.tgz",
      "integrity": "sha512-ysxwsnTKdAx96aTRdhDOCQfDgbHnt8SK0KY8SEjO0wHinhWOFTESbjVCMPbU1uGXg/ch4lifqx0wfjOawU2+WA==",
      "dev": true,
      "engines": {
        "node": ">=12"
      }
    },
    "node_modules/magic-string": {
      "version": "0.25.7",
      "resolved": "https://registry.npmjs.org/magic-string/-/magic-string-0.25.7.tgz",
      "integrity": "sha512-4CrMT5DOHTDk4HYDlzmwu4FVCcIYI8gauveasrdCu2IKIFOJ3f0v/8MDGJCDL9oD2ppz/Av1b0Nj345H9M+XIA==",
      "dependencies": {
        "sourcemap-codec": "^1.4.4"
      }
    },
    "node_modules/md5": {
      "version": "2.3.0",
      "resolved": "https://registry.npmjs.org/md5/-/md5-2.3.0.tgz",
      "integrity": "sha512-T1GITYmFaKuO91vxyoQMFETst+O71VUPEU3ze5GNzDm0OWdP8v1ziTaAEPUr/3kLsY3Sftgz242A1SetQiDL7g==",
      "dev": true,
      "dependencies": {
        "charenc": "0.0.2",
        "crypt": "0.0.2",
        "is-buffer": "~1.1.6"
      }
    },
    "node_modules/moment": {
      "version": "2.29.1",
      "resolved": "https://registry.npmjs.org/moment/-/moment-2.29.1.tgz",
      "integrity": "sha512-kHmoybcPV8Sqy59DwNDY3Jefr64lK/by/da0ViFcuA4DH0vQg5Q6Ze5VimxkfQNSC+Mls/Kx53s7TjP1RhFEDQ==",
      "dev": true,
      "engines": {
        "node": "*"
      }
    },
    "node_modules/nanoid": {
      "version": "3.2.0",
      "resolved": "https://registry.npmjs.org/nanoid/-/nanoid-3.2.0.tgz",
      "integrity": "sha512-fmsZYa9lpn69Ad5eDn7FMcnnSR+8R34W9qJEijxYhTbfOWzr22n1QxCMzXLK+ODyW2973V3Fux959iQoUxzUIA==",
      "bin": {
        "nanoid": "bin/nanoid.cjs"
      },
      "engines": {
        "node": "^10 || ^12 || ^13.7 || ^14 || >=15.0.1"
      }
    },
    "node_modules/picocolors": {
      "version": "1.0.0",
      "resolved": "https://registry.npmjs.org/picocolors/-/picocolors-1.0.0.tgz",
      "integrity": "sha512-1fygroTLlHu66zi26VoTDv8yRgm0Fccecssto+MhsZ0D/DGW2sm8E8AjW7NU5VVTRt5GxbeZ5qBuJr+HyLYkjQ=="
    },
    "node_modules/postcss": {
      "version": "8.4.5",
      "resolved": "https://registry.npmjs.org/postcss/-/postcss-8.4.5.tgz",
      "integrity": "sha512-jBDboWM8qpaqwkMwItqTQTiFikhs/67OYVvblFFTM7MrZjt6yMKd6r2kgXizEbTTljacm4NldIlZnhbjr84QYg==",
      "dependencies": {
        "nanoid": "^3.1.30",
        "picocolors": "^1.0.0",
        "source-map-js": "^1.0.1"
      },
      "engines": {
        "node": "^10 || ^12 || >=14"
      },
      "funding": {
        "type": "opencollective",
        "url": "https://opencollective.com/postcss/"
      }
    },
    "node_modules/postcss-nested": {
      "version": "6.0.0",
      "resolved": "https://registry.npmjs.org/postcss-nested/-/postcss-nested-6.0.0.tgz",
      "integrity": "sha512-0DkamqrPcmkBDsLn+vQDIrtkSbNkv5AD/M322ySo9kqFkCIYklym2xEmWkwo+Y3/qZo34tzEPNUw4y7yMCdv5w==",
      "dev": true,
      "dependencies": {
        "postcss-selector-parser": "^6.0.10"
      },
      "engines": {
        "node": ">=12.0"
      },
      "funding": {
        "type": "opencollective",
        "url": "https://opencollective.com/postcss/"
      },
      "peerDependencies": {
        "postcss": "^8.2.14"
      }
    },
    "node_modules/postcss-selector-parser": {
      "version": "6.0.11",
      "resolved": "https://registry.npmjs.org/postcss-selector-parser/-/postcss-selector-parser-6.0.11.tgz",
      "integrity": "sha512-zbARubNdogI9j7WY4nQJBiNqQf3sLS3wCP4WfOidu+p28LofJqDH1tcXypGrcmMHhDk2t9wGhCsYe/+szLTy1g==",
      "dev": true,
      "dependencies": {
        "cssesc": "^3.0.0",
        "util-deprecate": "^1.0.2"
      },
      "engines": {
        "node": ">=4"
      }
    },
    "node_modules/shvl": {
      "version": "2.0.3",
      "resolved": "https://registry.npmjs.org/shvl/-/shvl-2.0.3.tgz",
      "integrity": "sha512-V7C6S9Hlol6SzOJPnQ7qzOVEWUQImt3BNmmzh40wObhla3XOYMe4gGiYzLrJd5TFa+cI2f9LKIRJTTKZSTbWgw==",
      "dev": true
    },
    "node_modules/source-map": {
      "version": "0.6.1",
      "resolved": "https://registry.npmjs.org/source-map/-/source-map-0.6.1.tgz",
      "integrity": "sha512-UjgapumWlbMhkBgzT7Ykc5YXUT46F0iKu8SGXq0bcwP5dz/h0Plj6enJqjz1Zbq2l5WaqYnrVbwWOWMyF3F47g==",
      "engines": {
        "node": ">=0.10.0"
      }
    },
    "node_modules/source-map-js": {
      "version": "1.0.2",
      "resolved": "https://registry.npmjs.org/source-map-js/-/source-map-js-1.0.2.tgz",
      "integrity": "sha512-R0XvVJ9WusLiqTCEiGCmICCMplcCkIwwR11mOSD9CR5u+IXYdiseeEuXCVAjS54zqwkLcPNnmU4OeJ6tUrWhDw==",
      "engines": {
        "node": ">=0.10.0"
      }
    },
    "node_modules/sourcemap-codec": {
      "version": "1.4.8",
      "resolved": "https://registry.npmjs.org/sourcemap-codec/-/sourcemap-codec-1.4.8.tgz",
      "integrity": "sha512-9NykojV5Uih4lgo5So5dtw+f0JgJX30KCNI8gwhz2J9A15wD0Ml6tjHKwf6fTSa6fAdVBdZeNOs9eJ71qCk8vA=="
    },
    "node_modules/tslib": {
      "version": "2.4.1",
      "resolved": "https://registry.npmjs.org/tslib/-/tslib-2.4.1.tgz",
      "integrity": "sha512-tGyy4dAjRIEwI7BzsB0lynWgOpfqjUdq91XXAlIWD2OwKBH7oCl/GZG/HT4BOHrTlPMOASlMQ7veyTqpmRcrNA==",
      "dev": true
    },
    "node_modules/util": {
      "version": "0.12.5",
      "resolved": "https://registry.npmjs.org/util/-/util-0.12.5.tgz",
      "integrity": "sha512-kZf/K6hEIrWHI6XqOFUiiMa+79wE/D8Q+NCNAWclkyg3b4d2k7s0QGepNjiABc+aR3N1PAyHL7p6UcLY6LmrnA==",
      "dev": true,
      "dependencies": {
        "inherits": "^2.0.3",
        "is-arguments": "^1.0.4",
        "is-generator-function": "^1.0.7",
        "is-typed-array": "^1.1.3",
        "which-typed-array": "^1.1.2"
      }
    },
    "node_modules/util-deprecate": {
      "version": "1.0.2",
      "resolved": "https://registry.npmjs.org/util-deprecate/-/util-deprecate-1.0.2.tgz",
      "integrity": "sha512-EPD5q1uXyFxJpCrLnCc1nHnq3gOa6DZBocAIiI2TaSCA7VCJ1UJDMagCzIkXNsUYfD1daK//LTEQ8xiIbrHtcw==",
      "dev": true
    },
    "node_modules/vue": {
      "version": "3.2.29",
      "resolved": "https://registry.npmjs.org/vue/-/vue-3.2.29.tgz",
      "integrity": "sha512-cFIwr7LkbtCRanjNvh6r7wp2yUxfxeM2yPpDQpAfaaLIGZSrUmLbNiSze9nhBJt5MrZ68Iqt0O5scwAMEVxF+Q==",
      "dependencies": {
        "@vue/compiler-dom": "3.2.29",
        "@vue/compiler-sfc": "3.2.29",
        "@vue/runtime-dom": "3.2.29",
        "@vue/server-renderer": "3.2.29",
        "@vue/shared": "3.2.29"
      }
    },
    "node_modules/vue-router": {
      "version": "4.1.2",
      "resolved": "https://registry.npmjs.org/vue-router/-/vue-router-4.1.2.tgz",
      "integrity": "sha512-5BP1qXFncVRwgV/XnqzsKApdMjQPqWIpoUBdL1ynz8HyLxIX/UDAx7Ql2BjmA5CXT/p61JfZvkpiFWFpaqcfag==",
      "dev": true,
      "dependencies": {
        "@vue/devtools-api": "^6.1.4"
      },
      "funding": {
        "url": "https://github.com/sponsors/posva"
      },
      "peerDependencies": {
        "vue": "^3.2.0"
      }
    },
    "node_modules/vuex": {
      "version": "4.0.2",
      "resolved": "https://registry.npmjs.org/vuex/-/vuex-4.0.2.tgz",
      "integrity": "sha512-M6r8uxELjZIK8kTKDGgZTYX/ahzblnzC4isU1tpmEuOIIKmV+TRdc+H4s8ds2NuZ7wpUTdGRzJRtoj+lI+pc0Q==",
      "dev": true,
      "dependencies": {
        "@vue/devtools-api": "^6.0.0-beta.11"
      },
      "peerDependencies": {
        "vue": "^3.0.2"
      }
    },
    "node_modules/vuex-persistedstate": {
      "version": "4.1.0",
      "resolved": "https://registry.npmjs.org/vuex-persistedstate/-/vuex-persistedstate-4.1.0.tgz",
      "integrity": "sha512-3SkEj4NqwM69ikJdFVw6gObeB0NHyspRYMYkR/EbhR0hbvAKyR5gksVhtAfY1UYuWUOCCA0QNGwv9pOwdj+XUQ==",
      "dev": true,
      "dependencies": {
        "deepmerge": "^4.2.2",
        "shvl": "^2.0.3"
      },
      "peerDependencies": {
        "vuex": "^3.0 || ^4.0.0-rc"
      }
    },
    "node_modules/weakmap-polyfill": {
      "version": "2.0.4",
      "resolved": "https://registry.npmjs.org/weakmap-polyfill/-/weakmap-polyfill-2.0.4.tgz",
      "integrity": "sha512-ZzxBf288iALJseijWelmECm/1x7ZwQn3sMYIkDr2VvZp7r6SEKuT8D0O9Wiq6L9Nl5mazrOMcmiZE/2NCenaxw==",
      "dev": true,
      "engines": {
        "node": ">=8.10.0"
      }
    },
    "node_modules/which-typed-array": {
      "version": "1.1.9",
      "resolved": "https://registry.npmjs.org/which-typed-array/-/which-typed-array-1.1.9.tgz",
      "integrity": "sha512-w9c4xkx6mPidwp7180ckYWfMmvxpjlZuIudNtDf4N/tTAUB8VJbX25qZoAsrtGuYNnGw3pa0AXgbGKRB8/EceA==",
      "dev": true,
      "dependencies": {
        "available-typed-arrays": "^1.0.5",
        "call-bind": "^1.0.2",
        "for-each": "^0.3.3",
        "gopd": "^1.0.1",
        "has-tostringtag": "^1.0.0",
        "is-typed-array": "^1.1.10"
      },
      "engines": {
        "node": ">= 0.4"
      },
      "funding": {
        "url": "https://github.com/sponsors/ljharb"
      }
    }
  },
  "dependencies": {
    "@babel/parser": {
      "version": "7.16.12",
      "resolved": "https://registry.npmjs.org/@babel/parser/-/parser-7.16.12.tgz",
      "integrity": "sha512-VfaV15po8RiZssrkPweyvbGVSe4x2y+aciFCgn0n0/SJMR22cwofRV1mtnJQYcSB1wUTaA/X1LnA3es66MCO5A=="
    },
    "@owneul/kalidator": {
      "version": "2.0.17",
      "resolved": "https://registry.npmjs.org/@owneul/kalidator/-/kalidator-2.0.17.tgz",
      "integrity": "sha512-IpKYo6HjFuJR0Hwg4CsMcpN5HVZfGf8zPXbGQxjtOfSda8HF3eC7Xpnb3cyhtqgKY4DgI2TRkmF4ijGMeoILFQ==",
      "dev": true,
      "requires": {
        "formdata-polyfill": "^3.0.20",
        "moment": "^2.29.1",
        "weakmap-polyfill": "^2.0.2"
      },
      "dependencies": {
        "formdata-polyfill": {
          "version": "3.0.20",
          "resolved": "https://registry.npmjs.org/formdata-polyfill/-/formdata-polyfill-3.0.20.tgz",
          "integrity": "sha512-TAaxIEwTBdoH1TWndtUH1T0/GisUHwmOKcV5hjkR/iTatHBJSOHb563FP86Lra5nXo3iNdhK7HPwMl5Ihg71pg==",
          "dev": true
        }
      }
    },
    "@owneul/skript": {
      "version": "2.0.2",
      "resolved": "https://registry.npmjs.org/@owneul/skript/-/skript-2.0.2.tgz",
      "integrity": "sha512-oH5QgV2hq5/rGRRy+S5/PwochdNe1x189V6KyDRPO4jWxa7o5omVo+z3EhKRaMJxb5XKXC6w5MIDWUzyAXnFSA==",
      "dev": true,
      "requires": {
        "@types/md5": "^2.3.0",
        "md5": "^2.3.0",
        "moment": "^2.29.1"
      }
    },
    "@types/md5": {
      "version": "2.3.1",
      "resolved": "https://registry.npmjs.org/@types/md5/-/md5-2.3.1.tgz",
      "integrity": "sha512-OK3oe+ALIoPSo262lnhAYwpqFNXbiwH2a+0+Z5YBnkQEwWD8fk5+PIeRhYA48PzvX9I4SGNpWy+9bLj8qz92RQ==",
      "dev": true,
      "requires": {
        "@types/node": "*"
      }
    },
    "@types/node": {
      "version": "17.0.12",
      "resolved": "https://registry.npmjs.org/@types/node/-/node-17.0.12.tgz",
      "integrity": "sha512-4YpbAsnJXWYK/fpTVFlMIcUIho2AYCi4wg5aNPrG1ng7fn/1/RZfCIpRCiBX+12RVa34RluilnvCqD+g3KiSiA==",
      "dev": true
    },
    "@vue/compiler-core": {
      "version": "3.2.29",
      "resolved": "https://registry.npmjs.org/@vue/compiler-core/-/compiler-core-3.2.29.tgz",
      "integrity": "sha512-RePZ/J4Ub3sb7atQw6V6Rez+/5LCRHGFlSetT3N4VMrejqJnNPXKUt5AVm/9F5MJriy2w/VudEIvgscCfCWqxw==",
      "requires": {
        "@babel/parser": "^7.16.4",
        "@vue/shared": "3.2.29",
        "estree-walker": "^2.0.2",
        "source-map": "^0.6.1"
      }
    },
    "@vue/compiler-dom": {
      "version": "3.2.29",
      "resolved": "https://registry.npmjs.org/@vue/compiler-dom/-/compiler-dom-3.2.29.tgz",
      "integrity": "sha512-y26vK5khdNS9L3ckvkqJk/78qXwWb75Ci8iYLb67AkJuIgyKhIOcR1E8RIt4mswlVCIeI9gQ+fmtdhaiTAtrBQ==",
      "requires": {
        "@vue/compiler-core": "3.2.29",
        "@vue/shared": "3.2.29"
      }
    },
    "@vue/compiler-sfc": {
      "version": "3.2.29",
      "resolved": "https://registry.npmjs.org/@vue/compiler-sfc/-/compiler-sfc-3.2.29.tgz",
      "integrity": "sha512-X9+0dwsag2u6hSOP/XsMYqFti/edvYvxamgBgCcbSYuXx1xLZN+dS/GvQKM4AgGS4djqo0jQvWfIXdfZ2ET68g==",
      "requires": {
        "@babel/parser": "^7.16.4",
        "@vue/compiler-core": "3.2.29",
        "@vue/compiler-dom": "3.2.29",
        "@vue/compiler-ssr": "3.2.29",
        "@vue/reactivity-transform": "3.2.29",
        "@vue/shared": "3.2.29",
        "estree-walker": "^2.0.2",
        "magic-string": "^0.25.7",
        "postcss": "^8.1.10",
        "source-map": "^0.6.1"
      }
    },
    "@vue/compiler-ssr": {
      "version": "3.2.29",
      "resolved": "https://registry.npmjs.org/@vue/compiler-ssr/-/compiler-ssr-3.2.29.tgz",
      "integrity": "sha512-LrvQwXlx66uWsB9/VydaaqEpae9xtmlUkeSKF6aPDbzx8M1h7ukxaPjNCAXuFd3fUHblcri8k42lfimHfzMICA==",
      "requires": {
        "@vue/compiler-dom": "3.2.29",
        "@vue/shared": "3.2.29"
      }
    },
    "@vue/devtools-api": {
      "version": "6.2.1",
      "resolved": "https://registry.npmjs.org/@vue/devtools-api/-/devtools-api-6.2.1.tgz",
      "integrity": "sha512-OEgAMeQXvCoJ+1x8WyQuVZzFo0wcyCmUR3baRVLmKBo1LmYZWMlRiXlux5jd0fqVJu6PfDbOrZItVqUEzLobeQ==",
      "dev": true
    },
    "@vue/reactivity": {
      "version": "3.2.29",
      "resolved": "https://registry.npmjs.org/@vue/reactivity/-/reactivity-3.2.29.tgz",
      "integrity": "sha512-Ryhb6Gy62YolKXH1gv42pEqwx7zs3n8gacRVZICSgjQz8Qr8QeCcFygBKYfJm3o1SccR7U+bVBQDWZGOyG1k4g==",
      "requires": {
        "@vue/shared": "3.2.29"
      }
    },
    "@vue/reactivity-transform": {
      "version": "3.2.29",
      "resolved": "https://registry.npmjs.org/@vue/reactivity-transform/-/reactivity-transform-3.2.29.tgz",
      "integrity": "sha512-YF6HdOuhdOw6KyRm59+3rML8USb9o8mYM1q+SH0G41K3/q/G7uhPnHGKvspzceD7h9J3VR1waOQ93CUZj7J7OA==",
      "requires": {
        "@babel/parser": "^7.16.4",
        "@vue/compiler-core": "3.2.29",
        "@vue/shared": "3.2.29",
        "estree-walker": "^2.0.2",
        "magic-string": "^0.25.7"
      }
    },
    "@vue/runtime-core": {
      "version": "3.2.29",
      "resolved": "https://registry.npmjs.org/@vue/runtime-core/-/runtime-core-3.2.29.tgz",
      "integrity": "sha512-VMvQuLdzoTGmCwIKTKVwKmIL0qcODIqe74JtK1pVr5lnaE0l25hopodmPag3RcnIcIXe+Ye3B2olRCn7fTCgig==",
      "requires": {
        "@vue/reactivity": "3.2.29",
        "@vue/shared": "3.2.29"
      }
    },
    "@vue/runtime-dom": {
      "version": "3.2.29",
      "resolved": "https://registry.npmjs.org/@vue/runtime-dom/-/runtime-dom-3.2.29.tgz",
      "integrity": "sha512-YJgLQLwr+SQyORzTsBQLL5TT/5UiV83tEotqjL7F9aFDIQdFBTCwpkCFvX9jqwHoyi9sJqM9XtTrMcc8z/OjPA==",
      "requires": {
        "@vue/runtime-core": "3.2.29",
        "@vue/shared": "3.2.29",
        "csstype": "^2.6.8"
      }
    },
    "@vue/server-renderer": {
      "version": "3.2.29",
      "resolved": "https://registry.npmjs.org/@vue/server-renderer/-/server-renderer-3.2.29.tgz",
      "integrity": "sha512-lpiYx7ciV7rWfJ0tPkoSOlLmwqBZ9FTmQm33S+T4g0j1fO/LmhJ9b9Ctl1o5xvIFVDk9QkSUWANZn7H2pXuxVw==",
      "requires": {
        "@vue/compiler-ssr": "3.2.29",
        "@vue/shared": "3.2.29"
      }
    },
    "@vue/shared": {
      "version": "3.2.29",
      "resolved": "https://registry.npmjs.org/@vue/shared/-/shared-3.2.29.tgz",
      "integrity": "sha512-BjNpU8OK6Z0LVzGUppEk0CMYm/hKDnZfYdjSmPOs0N+TR1cLKJAkDwW8ASZUvaaSLEi6d3hVM7jnWnX+6yWnHw=="
    },
    "available-typed-arrays": {
      "version": "1.0.5",
      "resolved": "https://registry.npmjs.org/available-typed-arrays/-/available-typed-arrays-1.0.5.tgz",
      "integrity": "sha512-DMD0KiN46eipeziST1LPP/STfDU0sufISXmjSgvVsoU2tqxctQeASejWcfNtxYKqETM1UxQ8sp2OrSBWpHY6sw==",
      "dev": true
    },
    "axios": {
      "version": "0.24.0",
      "resolved": "https://registry.npmjs.org/axios/-/axios-0.24.0.tgz",
      "integrity": "sha512-Q6cWsys88HoPgAaFAVUb0WpPk0O8iTeisR9IMqy9G8AbO4NlpVknrnQS03zzF9PGAWgO3cgletO3VjV/P7VztA==",
      "dev": true,
      "requires": {
        "follow-redirects": "^1.14.4"
      }
    },
    "axios-extensions": {
      "version": "3.1.6",
      "resolved": "https://registry.npmjs.org/axios-extensions/-/axios-extensions-3.1.6.tgz",
      "integrity": "sha512-CmwMYxxAw4DcQDJ7/2Iv4GJj1Ao48lJEPieycgZQH6m1KcYZqf9zm2HM/CsULqheCpYxZbiGrCfZf5tVjXqoLg==",
      "dev": true,
      "requires": {
        "lru-cache": "^7.14.0",
        "tslib": "^2.1.0",
        "util": "^0.12.3"
      }
    },
    "call-bind": {
      "version": "1.0.2",
      "resolved": "https://registry.npmjs.org/call-bind/-/call-bind-1.0.2.tgz",
      "integrity": "sha512-7O+FbCihrB5WGbFYesctwmTKae6rOiIzmz1icreWJ+0aA7LJfuqhEso2T9ncpcFtzMQtzXf2QGGueWJGTYsqrA==",
      "dev": true,
      "requires": {
        "function-bind": "^1.1.1",
        "get-intrinsic": "^1.0.2"
      }
    },
    "charenc": {
      "version": "0.0.2",
      "resolved": "https://registry.npmjs.org/charenc/-/charenc-0.0.2.tgz",
      "integrity": "sha1-wKHS86cJLgN3S/qD8UwPxXkKhmc=",
      "dev": true
    },
    "crypt": {
      "version": "0.0.2",
      "resolved": "https://registry.npmjs.org/crypt/-/crypt-0.0.2.tgz",
      "integrity": "sha1-iNf/fsDfuG9xPch7u0LQRNPmxBs=",
      "dev": true
    },
    "cssesc": {
      "version": "3.0.0",
      "resolved": "https://registry.npmjs.org/cssesc/-/cssesc-3.0.0.tgz",
      "integrity": "sha512-/Tb/JcjK111nNScGob5MNtsntNM1aCNUDipB/TkwZFhyDrrE47SOx/18wF2bbjgc3ZzCSKW1T5nt5EbFoAz/Vg==",
      "dev": true
    },
    "csstype": {
      "version": "2.6.19",
      "resolved": "https://registry.npmjs.org/csstype/-/csstype-2.6.19.tgz",
      "integrity": "sha512-ZVxXaNy28/k3kJg0Fou5MiYpp88j7H9hLZp8PDC3jV0WFjfH5E9xHb56L0W59cPbKbcHXeP4qyT8PrHp8t6LcQ=="
    },
    "deepmerge": {
      "version": "4.2.2",
      "resolved": "https://registry.npmjs.org/deepmerge/-/deepmerge-4.2.2.tgz",
      "integrity": "sha512-FJ3UgI4gIl+PHZm53knsuSFpE+nESMr7M4v9QcgB7S63Kj/6WqMiFQJpBBYz1Pt+66bZpP3Q7Lye0Oo9MPKEdg==",
      "dev": true
    },
    "estree-walker": {
      "version": "2.0.2",
      "resolved": "https://registry.npmjs.org/estree-walker/-/estree-walker-2.0.2.tgz",
      "integrity": "sha512-Rfkk/Mp/DL7JVje3u18FxFujQlTNR2q6QfMSMB7AvCBx91NGj/ba3kCfza0f6dVDbw7YlRf/nDrn7pQrCCyQ/w=="
    },
    "follow-redirects": {
      "version": "1.14.7",
      "resolved": "https://registry.npmjs.org/follow-redirects/-/follow-redirects-1.14.7.tgz",
      "integrity": "sha512-+hbxoLbFMbRKDwohX8GkTataGqO6Jb7jGwpAlwgy2bIz25XtRm7KEzJM76R1WiNT5SwZkX4Y75SwBolkpmE7iQ==",
      "dev": true
    },
    "for-each": {
      "version": "0.3.3",
      "resolved": "https://registry.npmjs.org/for-each/-/for-each-0.3.3.tgz",
      "integrity": "sha512-jqYfLp7mo9vIyQf8ykW2v7A+2N4QjeCeI5+Dz9XraiO1ign81wjiH7Fb9vSOWvQfNtmSa4H2RoQTrrXivdUZmw==",
      "dev": true,
      "requires": {
        "is-callable": "^1.1.3"
      }
    },
    "function-bind": {
      "version": "1.1.1",
      "resolved": "https://registry.npmjs.org/function-bind/-/function-bind-1.1.1.tgz",
      "integrity": "sha512-yIovAzMX49sF8Yl58fSCWJ5svSLuaibPxXQJFLmBObTuCr0Mf1KiPopGM9NiFjiYBCbfaa2Fh6breQ6ANVTI0A==",
      "dev": true
    },
    "get-intrinsic": {
      "version": "1.1.3",
      "resolved": "https://registry.npmjs.org/get-intrinsic/-/get-intrinsic-1.1.3.tgz",
      "integrity": "sha512-QJVz1Tj7MS099PevUG5jvnt9tSkXN8K14dxQlikJuPt4uD9hHAHjLyLBiLR5zELelBdD9QNRAXZzsJx0WaDL9A==",
      "dev": true,
      "requires": {
        "function-bind": "^1.1.1",
        "has": "^1.0.3",
        "has-symbols": "^1.0.3"
      }
    },
    "gopd": {
      "version": "1.0.1",
      "resolved": "https://registry.npmjs.org/gopd/-/gopd-1.0.1.tgz",
      "integrity": "sha512-d65bNlIadxvpb/A2abVdlqKqV563juRnZ1Wtk6s1sIR8uNsXR70xqIzVqxVf1eTqDunwT2MkczEeaezCKTZhwA==",
      "dev": true,
      "requires": {
        "get-intrinsic": "^1.1.3"
      }
    },
    "gsap": {
      "version": "3.10.4",
      "resolved": "https://registry.npmjs.org/gsap/-/gsap-3.10.4.tgz",
      "integrity": "sha512-6QatdkKxXCMfvCW4rM++0RqyLQAzFX5nwl3yHS0XPgkZBkiSEY3VZVbMltrdtsbER/xZonLtyHt684wRp4erlQ==",
      "dev": true
    },
    "has": {
      "version": "1.0.3",
      "resolved": "https://registry.npmjs.org/has/-/has-1.0.3.tgz",
      "integrity": "sha512-f2dvO0VU6Oej7RkWJGrehjbzMAjFp5/VKPp5tTpWIV4JHHZK1/BxbFRtf/siA2SWTe09caDmVtYYzWEIbBS4zw==",
      "dev": true,
      "requires": {
        "function-bind": "^1.1.1"
      }
    },
    "has-symbols": {
      "version": "1.0.3",
      "resolved": "https://registry.npmjs.org/has-symbols/-/has-symbols-1.0.3.tgz",
      "integrity": "sha512-l3LCuF6MgDNwTDKkdYGEihYjt5pRPbEg46rtlmnSPlUbgmB8LOIrKJbYYFBSbnPaJexMKtiPO8hmeRjRz2Td+A==",
      "dev": true
    },
    "has-tostringtag": {
      "version": "1.0.0",
      "resolved": "https://registry.npmjs.org/has-tostringtag/-/has-tostringtag-1.0.0.tgz",
      "integrity": "sha512-kFjcSNhnlGV1kyoGk7OXKSawH5JOb/LzUc5w9B02hOTO0dfFRjbHQKvg1d6cf3HbeUmtU9VbbV3qzZ2Teh97WQ==",
      "dev": true,
      "requires": {
        "has-symbols": "^1.0.2"
      }
    },
    "inherits": {
      "version": "2.0.4",
      "resolved": "https://registry.npmjs.org/inherits/-/inherits-2.0.4.tgz",
      "integrity": "sha512-k/vGaX4/Yla3WzyMCvTQOXYeIHvqOKtnqBduzTHpzpQZzAskKMhZ2K+EnBiSM9zGSoIFeMpXKxa4dYeZIQqewQ==",
      "dev": true
    },
    "is-arguments": {
      "version": "1.1.1",
      "resolved": "https://registry.npmjs.org/is-arguments/-/is-arguments-1.1.1.tgz",
      "integrity": "sha512-8Q7EARjzEnKpt/PCD7e1cgUS0a6X8u5tdSiMqXhojOdoV9TsMsiO+9VLC5vAmO8N7/GmXn7yjR8qnA6bVAEzfA==",
      "dev": true,
      "requires": {
        "call-bind": "^1.0.2",
        "has-tostringtag": "^1.0.0"
      }
    },
    "is-buffer": {
      "version": "1.1.6",
      "resolved": "https://registry.npmjs.org/is-buffer/-/is-buffer-1.1.6.tgz",
      "integrity": "sha512-NcdALwpXkTm5Zvvbk7owOUSvVvBKDgKP5/ewfXEznmQFfs4ZRmanOeKBTjRVjka3QFoN6XJ+9F3USqfHqTaU5w==",
      "dev": true
    },
    "is-callable": {
      "version": "1.2.7",
      "resolved": "https://registry.npmjs.org/is-callable/-/is-callable-1.2.7.tgz",
      "integrity": "sha512-1BC0BVFhS/p0qtw6enp8e+8OD0UrK0oFLztSjNzhcKA3WDuJxxAPXzPuPtKkjEY9UUoEWlX/8fgKeu2S8i9JTA==",
      "dev": true
    },
    "is-generator-function": {
      "version": "1.0.10",
      "resolved": "https://registry.npmjs.org/is-generator-function/-/is-generator-function-1.0.10.tgz",
      "integrity": "sha512-jsEjy9l3yiXEQ+PsXdmBwEPcOxaXWLspKdplFUVI9vq1iZgIekeC0L167qeu86czQaxed3q/Uzuw0swL0irL8A==",
      "dev": true,
      "requires": {
        "has-tostringtag": "^1.0.0"
      }
    },
    "is-typed-array": {
      "version": "1.1.10",
      "resolved": "https://registry.npmjs.org/is-typed-array/-/is-typed-array-1.1.10.tgz",
      "integrity": "sha512-PJqgEHiWZvMpaFZ3uTc8kHPM4+4ADTlDniuQL7cU/UDA0Ql7F70yGfHph3cLNe+c9toaigv+DFzTJKhc2CtO6A==",
      "dev": true,
      "requires": {
        "available-typed-arrays": "^1.0.5",
        "call-bind": "^1.0.2",
        "for-each": "^0.3.3",
        "gopd": "^1.0.1",
        "has-tostringtag": "^1.0.0"
      }
    },
    "lru-cache": {
      "version": "7.14.1",
      "resolved": "https://registry.npmjs.org/lru-cache/-/lru-cache-7.14.1.tgz",
      "integrity": "sha512-ysxwsnTKdAx96aTRdhDOCQfDgbHnt8SK0KY8SEjO0wHinhWOFTESbjVCMPbU1uGXg/ch4lifqx0wfjOawU2+WA==",
      "dev": true
    },
    "magic-string": {
      "version": "0.25.7",
      "resolved": "https://registry.npmjs.org/magic-string/-/magic-string-0.25.7.tgz",
      "integrity": "sha512-4CrMT5DOHTDk4HYDlzmwu4FVCcIYI8gauveasrdCu2IKIFOJ3f0v/8MDGJCDL9oD2ppz/Av1b0Nj345H9M+XIA==",
      "requires": {
        "sourcemap-codec": "^1.4.4"
      }
    },
    "md5": {
      "version": "2.3.0",
      "resolved": "https://registry.npmjs.org/md5/-/md5-2.3.0.tgz",
      "integrity": "sha512-T1GITYmFaKuO91vxyoQMFETst+O71VUPEU3ze5GNzDm0OWdP8v1ziTaAEPUr/3kLsY3Sftgz242A1SetQiDL7g==",
      "dev": true,
      "requires": {
        "charenc": "0.0.2",
        "crypt": "0.0.2",
        "is-buffer": "~1.1.6"
      }
    },
    "moment": {
      "version": "2.29.1",
      "resolved": "https://registry.npmjs.org/moment/-/moment-2.29.1.tgz",
      "integrity": "sha512-kHmoybcPV8Sqy59DwNDY3Jefr64lK/by/da0ViFcuA4DH0vQg5Q6Ze5VimxkfQNSC+Mls/Kx53s7TjP1RhFEDQ==",
      "dev": true
    },
    "nanoid": {
      "version": "3.2.0",
      "resolved": "https://registry.npmjs.org/nanoid/-/nanoid-3.2.0.tgz",
      "integrity": "sha512-fmsZYa9lpn69Ad5eDn7FMcnnSR+8R34W9qJEijxYhTbfOWzr22n1QxCMzXLK+ODyW2973V3Fux959iQoUxzUIA=="
    },
    "picocolors": {
      "version": "1.0.0",
      "resolved": "https://registry.npmjs.org/picocolors/-/picocolors-1.0.0.tgz",
      "integrity": "sha512-1fygroTLlHu66zi26VoTDv8yRgm0Fccecssto+MhsZ0D/DGW2sm8E8AjW7NU5VVTRt5GxbeZ5qBuJr+HyLYkjQ=="
    },
    "postcss": {
      "version": "8.4.5",
      "resolved": "https://registry.npmjs.org/postcss/-/postcss-8.4.5.tgz",
      "integrity": "sha512-jBDboWM8qpaqwkMwItqTQTiFikhs/67OYVvblFFTM7MrZjt6yMKd6r2kgXizEbTTljacm4NldIlZnhbjr84QYg==",
      "requires": {
        "nanoid": "^3.1.30",
        "picocolors": "^1.0.0",
        "source-map-js": "^1.0.1"
      }
    },
    "postcss-nested": {
      "version": "6.0.0",
      "resolved": "https://registry.npmjs.org/postcss-nested/-/postcss-nested-6.0.0.tgz",
      "integrity": "sha512-0DkamqrPcmkBDsLn+vQDIrtkSbNkv5AD/M322ySo9kqFkCIYklym2xEmWkwo+Y3/qZo34tzEPNUw4y7yMCdv5w==",
      "dev": true,
      "requires": {
        "postcss-selector-parser": "^6.0.10"
      }
    },
    "postcss-selector-parser": {
      "version": "6.0.11",
      "resolved": "https://registry.npmjs.org/postcss-selector-parser/-/postcss-selector-parser-6.0.11.tgz",
      "integrity": "sha512-zbARubNdogI9j7WY4nQJBiNqQf3sLS3wCP4WfOidu+p28LofJqDH1tcXypGrcmMHhDk2t9wGhCsYe/+szLTy1g==",
      "dev": true,
      "requires": {
        "cssesc": "^3.0.0",
        "util-deprecate": "^1.0.2"
      }
    },
    "shvl": {
      "version": "2.0.3",
      "resolved": "https://registry.npmjs.org/shvl/-/shvl-2.0.3.tgz",
      "integrity": "sha512-V7C6S9Hlol6SzOJPnQ7qzOVEWUQImt3BNmmzh40wObhla3XOYMe4gGiYzLrJd5TFa+cI2f9LKIRJTTKZSTbWgw==",
      "dev": true
    },
    "source-map": {
      "version": "0.6.1",
      "resolved": "https://registry.npmjs.org/source-map/-/source-map-0.6.1.tgz",
      "integrity": "sha512-UjgapumWlbMhkBgzT7Ykc5YXUT46F0iKu8SGXq0bcwP5dz/h0Plj6enJqjz1Zbq2l5WaqYnrVbwWOWMyF3F47g=="
    },
    "source-map-js": {
      "version": "1.0.2",
      "resolved": "https://registry.npmjs.org/source-map-js/-/source-map-js-1.0.2.tgz",
      "integrity": "sha512-R0XvVJ9WusLiqTCEiGCmICCMplcCkIwwR11mOSD9CR5u+IXYdiseeEuXCVAjS54zqwkLcPNnmU4OeJ6tUrWhDw=="
    },
    "sourcemap-codec": {
      "version": "1.4.8",
      "resolved": "https://registry.npmjs.org/sourcemap-codec/-/sourcemap-codec-1.4.8.tgz",
      "integrity": "sha512-9NykojV5Uih4lgo5So5dtw+f0JgJX30KCNI8gwhz2J9A15wD0Ml6tjHKwf6fTSa6fAdVBdZeNOs9eJ71qCk8vA=="
    },
    "tslib": {
      "version": "2.4.1",
      "resolved": "https://registry.npmjs.org/tslib/-/tslib-2.4.1.tgz",
      "integrity": "sha512-tGyy4dAjRIEwI7BzsB0lynWgOpfqjUdq91XXAlIWD2OwKBH7oCl/GZG/HT4BOHrTlPMOASlMQ7veyTqpmRcrNA==",
      "dev": true
    },
    "util": {
      "version": "0.12.5",
      "resolved": "https://registry.npmjs.org/util/-/util-0.12.5.tgz",
      "integrity": "sha512-kZf/K6hEIrWHI6XqOFUiiMa+79wE/D8Q+NCNAWclkyg3b4d2k7s0QGepNjiABc+aR3N1PAyHL7p6UcLY6LmrnA==",
      "dev": true,
      "requires": {
        "inherits": "^2.0.3",
        "is-arguments": "^1.0.4",
        "is-generator-function": "^1.0.7",
        "is-typed-array": "^1.1.3",
        "which-typed-array": "^1.1.2"
      }
    },
    "util-deprecate": {
      "version": "1.0.2",
      "resolved": "https://registry.npmjs.org/util-deprecate/-/util-deprecate-1.0.2.tgz",
      "integrity": "sha512-EPD5q1uXyFxJpCrLnCc1nHnq3gOa6DZBocAIiI2TaSCA7VCJ1UJDMagCzIkXNsUYfD1daK//LTEQ8xiIbrHtcw==",
      "dev": true
    },
    "vue": {
      "version": "3.2.29",
      "resolved": "https://registry.npmjs.org/vue/-/vue-3.2.29.tgz",
      "integrity": "sha512-cFIwr7LkbtCRanjNvh6r7wp2yUxfxeM2yPpDQpAfaaLIGZSrUmLbNiSze9nhBJt5MrZ68Iqt0O5scwAMEVxF+Q==",
      "requires": {
        "@vue/compiler-dom": "3.2.29",
        "@vue/compiler-sfc": "3.2.29",
        "@vue/runtime-dom": "3.2.29",
        "@vue/server-renderer": "3.2.29",
        "@vue/shared": "3.2.29"
      }
    },
    "vue-router": {
      "version": "4.1.2",
      "resolved": "https://registry.npmjs.org/vue-router/-/vue-router-4.1.2.tgz",
      "integrity": "sha512-5BP1qXFncVRwgV/XnqzsKApdMjQPqWIpoUBdL1ynz8HyLxIX/UDAx7Ql2BjmA5CXT/p61JfZvkpiFWFpaqcfag==",
      "dev": true,
      "requires": {
        "@vue/devtools-api": "^6.1.4"
      }
    },
    "vuex": {
      "version": "4.0.2",
      "resolved": "https://registry.npmjs.org/vuex/-/vuex-4.0.2.tgz",
      "integrity": "sha512-M6r8uxELjZIK8kTKDGgZTYX/ahzblnzC4isU1tpmEuOIIKmV+TRdc+H4s8ds2NuZ7wpUTdGRzJRtoj+lI+pc0Q==",
      "dev": true,
      "requires": {
        "@vue/devtools-api": "^6.0.0-beta.11"
      }
    },
    "vuex-persistedstate": {
      "version": "4.1.0",
      "resolved": "https://registry.npmjs.org/vuex-persistedstate/-/vuex-persistedstate-4.1.0.tgz",
      "integrity": "sha512-3SkEj4NqwM69ikJdFVw6gObeB0NHyspRYMYkR/EbhR0hbvAKyR5gksVhtAfY1UYuWUOCCA0QNGwv9pOwdj+XUQ==",
      "dev": true,
      "requires": {
        "deepmerge": "^4.2.2",
        "shvl": "^2.0.3"
      }
    },
    "weakmap-polyfill": {
      "version": "2.0.4",
      "resolved": "https://registry.npmjs.org/weakmap-polyfill/-/weakmap-polyfill-2.0.4.tgz",
      "integrity": "sha512-ZzxBf288iALJseijWelmECm/1x7ZwQn3sMYIkDr2VvZp7r6SEKuT8D0O9Wiq6L9Nl5mazrOMcmiZE/2NCenaxw==",
      "dev": true
    },
    "which-typed-array": {
      "version": "1.1.9",
      "resolved": "https://registry.npmjs.org/which-typed-array/-/which-typed-array-1.1.9.tgz",
      "integrity": "sha512-w9c4xkx6mPidwp7180ckYWfMmvxpjlZuIudNtDf4N/tTAUB8VJbX25qZoAsrtGuYNnGw3pa0AXgbGKRB8/EceA==",
      "dev": true,
      "requires": {
        "available-typed-arrays": "^1.0.5",
        "call-bind": "^1.0.2",
        "for-each": "^0.3.3",
        "gopd": "^1.0.1",
        "has-tostringtag": "^1.0.0",
        "is-typed-array": "^1.1.10"
      }
    }
  }
}
